lockfileVersion: '9.0'

settings:
  autoInstallPeers: true
  excludeLinksFromLockfile: false

importers:
  .:
    devDependencies:
      lefthook:
        specifier: ^1.6.1
        version: 1.10.8
      prettier:
        specifier: ^3.2.5
        version: 3.4.2

packages:
  lefthook-darwin-arm64@1.10.8:
    resolution:
      {
        integrity: sha512-uE5oLjWuANaAyv6KQoWWGacZgKq5zGd3UmkWLE2OSSrZbgSdTz1R6Uios2yMXrGDptBX9PDWp9SNcHPhEoQlNw==,
      }
    cpu: [arm64]
    os: [darwin]

  lefthook-darwin-x64@1.10.8:
    resolution:
      {
        integrity: sha512-502vfNdfJIDxLQKtlS3TbnM54PrV5wcssVvbDEnkLLjyrEImOZ3lVz3cqrT42KvFYFqgarrhII9jigqUxnLuSQ==,
      }
    cpu: [x64]
    os: [darwin]

  lefthook-freebsd-arm64@1.10.8:
    resolution:
      {
        integrity: sha512-xkqxIxEnFK9zyN3F3Lc11/byuYAR5z7FJBH5UTb2Wnxob7BwYfB0gXBcw3gKEYZiwHFNlyJQimndc7QWZ7y4kw==,
      }
    cpu: [arm64]
    os: [freebsd]

  lefthook-freebsd-x64@1.10.8:
    resolution:
      {
        integrity: sha512-hCErafcyykVCIMb/6hzredNQ1ogDcz07lphf0k0eGUbr94XK7IUOkQwD++XOAijOHknkzS1V9WvjV1lrhGYtUA==,
      }
    cpu: [x64]
    os: [freebsd]

  lefthook-linux-arm64@1.10.8:
    resolution:
      {
        integrity: sha512-YFqT/hj+nzTTwzaDSdmYGKvpZI6/Wt3Id6+6gEU8VMAojXOe9rWAXitfoiDXW1TNPzpHqwyGnjOCcjquF1umkw==,
      }
    cpu: [arm64]
    os: [linux]

  lefthook-linux-x64@1.10.8:
    resolution:
      {
        integrity: sha512-nOARm1gE0EeMSEHaulpFDPnIqlQFPsFnaSkmCK2gWXG5jBbRtMr4BcJLDPzsekDKxskr5mZwlPQ2fFW3B/jiCA==,
      }
    cpu: [x64]
    os: [linux]

  lefthook-openbsd-arm64@1.10.8:
    resolution:
      {
        integrity: sha512-6cUokm4Dd5OMNewVWIV9bM+nebBOrImCAOjbdfCEW4hhtIRvr6XZirHu0BVJM/I5Ed0MjiAme+L6yV7LW68HAA==,
      }
    cpu: [arm64]
    os: [openbsd]

  lefthook-openbsd-x64@1.10.8:
    resolution:
      {
        integrity: sha512-659TblZOM7pV9ImSRjpMQSynA5L1DTcoS37TJN7Y/84O3pXhKYAN1Lm5EJFZQ1dBMEJDeAD/L1V98RWqnFx/gw==,
      }
    cpu: [x64]
    os: [openbsd]

  lefthook-windows-arm64@1.10.8:
    resolution:
      {
        integrity: sha512-g5O44F+Mo0n2RzXL7A9g0TM5VA60OWWw7CPNLi42qOniv1t6/43glxB7bmKalrLAznFR5UbyiLMmO6ospDXctg==,
      }
    cpu: [arm64]
    os: [win32]

  lefthook-windows-x64@1.10.8:
    resolution:
      {
        integrity: sha512-PZ72IXi29MdOCNZZvqRrBONMfe4DZU3GVowotLfHo4U/1oTTd2LImJitm0qbFjf9kCtRHLkD4K/l7ZgV4gsxtA==,
      }
    cpu: [x64]
    os: [win32]

  lefthook@1.10.8:
    resolution:
      {
        integrity: sha512-yJM97cNPH7zYbLUJ8G2LGhJbSRd66mv5BVeryLiEsmXER3vz4wGtiLJEYRwveSEZetOMBgAlVBIZEfuxJGsjIA==,
      }
    hasBin: true

  prettier@3.4.2:
    resolution:
      {
        integrity: sha512-e9MewbtFo+Fevyuxn/4rrcDAaq0IYxPGLvObpQjiZBMAzB9IGmzlnG9RZy3FFas+eBMu2vA0CszMeduow5dIuQ==,
      }
    engines: { node: '>=14' }
    hasBin: true

snapshots:
  lefthook-darwin-arm64@1.10.8:
    optional: true

  lefthook-darwin-x64@1.10.8:
    optional: true

  lefthook-freebsd-arm64@1.10.8:
    optional: true

  lefthook-freebsd-x64@1.10.8:
    optional: true

  lefthook-linux-arm64@1.10.8:
    optional: true

  lefthook-linux-x64@1.10.8:
    optional: true

  lefthook-openbsd-arm64@1.10.8:
    optional: true

  lefthook-openbsd-x64@1.10.8:
    optional: true

  lefthook-windows-arm64@1.10.8:
    optional: true

  lefthook-windows-x64@1.10.8:
    optional: true

  lefthook@1.10.8:
    optionalDependencies:
      lefthook-darwin-arm64: 1.10.8
      lefthook-darwin-x64: 1.10.8
      lefthook-freebsd-arm64: 1.10.8
      lefthook-freebsd-x64: 1.10.8
      lefthook-linux-arm64: 1.10.8
      lefthook-linux-x64: 1.10.8
      lefthook-openbsd-arm64: 1.10.8
      lefthook-openbsd-x64: 1.10.8
      lefthook-windows-arm64: 1.10.8
      lefthook-windows-x64: 1.10.8

  prettier@3.4.2: {}
